
Microsoft Visual Studio Solution File, Format Version 12.00
# Visual Studio Version 17
VisualStudioVersion = 17.1.31911.260
MinimumVisualStudioVersion = 10.0.40219.1
Project("{FAE04EC0-301F-11D3-BF4B-00C04F79EFBC}") = "WebDeck", "WebDeck.csproj", "{9769803F-A4B1-45B0-92EF-2A1351EC328C}"
EndProject
Global
	GlobalSection(SolutionConfigurationPlatforms) = preSolution
		Debug|Any CPU = Debug|Any CPU
		Release|Any CPU = Release|Any CPU
	EndGlobalSection
	GlobalSection(ProjectConfigurationPlatforms) = postSolution
		{9769803F-A4B1-45B0-92EF-2A1351EC328C}.Debug|Any CPU.ActiveCfg = Debug|Any CPU
		{9769803F-A4B1-45B0-92EF-2A1351EC328C}.Debug|Any CPU.Build.0 = Debug|Any CPU
		{9769803F-A4B1-45B0-92EF-2A1351EC328C}.Release|Any CPU.ActiveCfg = Release|Any CPU
		{9769803F-A4B1-45B0-92EF-2A1351EC328C}.Release|Any CPU.Build.0 = Release|Any CPU
	EndGlobalSection
	GlobalSection(SolutionProperties) = preSolution
		HideSolutionNode = FALSE
	EndGlobalSection
	GlobalSection(ExtensibilityGlobals) = postSolution
		SolutionGuid = {ED431BE4-0AA7-48DB-953C-0712E0DD71C9}
	EndGlobalSection
EndGlobal
